
Microsoft Visual Studio Solution File, Format Version 12.00
# Visual Studio Version 16
VisualStudioVersion = 16.0.29613.14
MinimumVisualStudioVersion = 10.0.40219.1
Project("{FAE04EC0-301F-11D3-BF4B-00C04F79EFBC}") = "MockGenerators", "MockGenerators\MockGenerators.csproj", "{B4D3878C-B246-4885-BF83-E4AB93A53184}"
EndProject
Global
	GlobalSection(SolutionConfigurationPlatforms) = preSolution
		Debug|Any CPU = Debug|Any CPU
		Release|Any CPU = Release|Any CPU
	EndGlobalSection
	GlobalSection(ProjectConfigurationPlatforms) = postSolution
		{B4D3878C-B246-4885-BF83-E4AB93A53184}.Debug|Any CPU.ActiveCfg = Debug|Any CPU
		{B4D3878C-B246-4885-BF83-E4AB93A53184}.Debug|Any CPU.Build.0 = Debug|Any CPU
		{B4D3878C-B246-4885-BF83-E4AB93A53184}.Release|Any CPU.ActiveCfg = Release|Any CPU
		{B4D3878C-B246-4885-BF83-E4AB93A53184}.Release|Any CPU.Build.0 = Release|Any CPU
	EndGlobalSection
	GlobalSection(SolutionProperties) = preSolution
		HideSolutionNode = FALSE
	EndGlobalSection
	GlobalSection(ExtensibilityGlobals) = postSolution
		SolutionGuid = {65535096-86CC-4E5B-8491-45E5317722EF}
	EndGlobalSection
EndGlobal
